
Microsoft Visual Studio Solution File, Format Version 12.00
# Visual Studio 14
VisualStudioVersion = 14.0.23107.0
MinimumVisualStudioVersion = 10.0.40219.1
Project("{F184B08F-C81C-45F6-A57F-5ABD9991F28F}") = "BMI calculator", "BMI calculator\BMI calculator.vbproj", "{0F2FD530-BDA9-48D4-8004-39A5ECE8AB2F}"
EndProject
Global
	GlobalSection(SolutionConfigurationPlatforms) = preSolution
		Debug|Any CPU = Debug|Any CPU
		Release|Any CPU = Release|Any CPU
	EndGlobalSection
	GlobalSection(ProjectConfigurationPlatforms) = postSolution
		{0F2FD530-BDA9-48D4-8004-39A5ECE8AB2F}.Debug|Any CPU.ActiveCfg = Debug|Any CPU
		{0F2FD530-BDA9-48D4-8004-39A5ECE8AB2F}.Debug|Any CPU.Build.0 = Debug|Any CPU
		{0F2FD530-BDA9-48D4-8004-39A5ECE8AB2F}.Release|Any CPU.ActiveCfg = Release|Any CPU
		{0F2FD530-BDA9-48D4-8004-39A5ECE8AB2F}.Release|Any CPU.Build.0 = Release|Any CPU
	EndGlobalSection
	GlobalSection(SolutionProperties) = preSolution
		HideSolutionNode = FALSE
	EndGlobalSection
EndGlobal
